// !$*UTF8*$!
{
	archiveVersion = 1;
	classes = {
	};
	objectVersion = 50;
	objects = {

/* Begin PBXBuildFile section */
		10A0762441902487037C111E /* libPods-WuyineiOSDemoTests.a in Frameworks */ = {isa = PBXBuildFile; fileRef = 44AF6EB1559870A9762C13E3 /* libPods-WuyineiOSDemoTests.a */; };
		23844B7B45C04947BFC8EF4E /* libPods-WuyineiOSDemoUITests.a in Frameworks */ = {isa = PBXBuildFile; fileRef = BC49A9BD254CA534A03EB637 /* libPods-WuyineiOSDemoUITests.a */; };
		280FA8C72282D43A0081CDC9 /* Target_Drawer.m in Sources */ = {isa = PBXBuildFile; fileRef = 280FA8C62282D43A0081CDC9 /* Target_Drawer.m */; };
		280FA8CA2282D6050081CDC9 /* WYEMediator+DrawerDemo.m in Sources */ = {isa = PBXBuildFile; fileRef = 280FA8C92282D6050081CDC9 /* WYEMediator+DrawerDemo.m */; };
		284D9CCD22754DE3005152C1 /* AppDelegate.m in Sources */ = {isa = PBXBuildFile; fileRef = 284D9CCC22754DE3005152C1 /* AppDelegate.m */; };
		284D9CD022754DE3005152C1 /* ViewController.m in Sources */ = {isa = PBXBuildFile; fileRef = 284D9CCF22754DE3005152C1 /* ViewController.m */; };
		284D9CD322754DE3005152C1 /* Main.storyboard in Resources */ = {isa = PBXBuildFile; fileRef = 284D9CD122754DE3005152C1 /* Main.storyboard */; };
		284D9CD522754DE5005152C1 /* Assets.xcassets in Resources */ = {isa = PBXBuildFile; fileRef = 284D9CD422754DE5005152C1 /* Assets.xcassets */; };
		284D9CD822754DE5005152C1 /* LaunchScreen.storyboard in Resources */ = {isa = PBXBuildFile; fileRef = 284D9CD622754DE5005152C1 /* LaunchScreen.storyboard */; };
		284D9CDB22754DE5005152C1 /* main.m in Sources */ = {isa = PBXBuildFile; fileRef = 284D9CDA22754DE5005152C1 /* main.m */; };
		284D9CE522754DE5005152C1 /* WuyineiOSDemoTests.m in Sources */ = {isa = PBXBuildFile; fileRef = 284D9CE422754DE5005152C1 /* WuyineiOSDemoTests.m */; };
		284D9CF022754DE5005152C1 /* WuyineiOSDemoUITests.m in Sources */ = {isa = PBXBuildFile; fileRef = 284D9CEF22754DE5005152C1 /* WuyineiOSDemoUITests.m */; };
		284D9D00227553D3005152C1 /* WYEMediator.m in Sources */ = {isa = PBXBuildFile; fileRef = 284D9CFF227553D3005152C1 /* WYEMediator.m */; };
		284D9D0722759C21005152C1 /* WYEMediator+MutiThreadModuleActions.m in Sources */ = {isa = PBXBuildFile; fileRef = 284D9D0622759C21005152C1 /* WYEMediator+MutiThreadModuleActions.m */; };
		284D9D0B2275A5E8005152C1 /* Target_MutiThread.m in Sources */ = {isa = PBXBuildFile; fileRef = 284D9D0A2275A5E8005152C1 /* Target_MutiThread.m */; };
		284D9D0E2275A81D005152C1 /* MutiThreadViewController.m in Sources */ = {isa = PBXBuildFile; fileRef = 284D9D0D2275A81D005152C1 /* MutiThreadViewController.m */; };
		287C969C228953C500F2F1E1 /* NSObject+WYEModel.m in Sources */ = {isa = PBXBuildFile; fileRef = 287C969B228953C500F2F1E1 /* NSObject+WYEModel.m */; };
		287C969E2289579000F2F1E1 /* test.json in Resources */ = {isa = PBXBuildFile; fileRef = 287C969D2289579000F2F1E1 /* test.json */; };
		287C96A22289581200F2F1E1 /* WYETools.m in Sources */ = {isa = PBXBuildFile; fileRef = 287C96A12289581200F2F1E1 /* WYETools.m */; };
		287C96A822896AD900F2F1E1 /* YQMutableArray.m in Sources */ = {isa = PBXBuildFile; fileRef = 287C96A422896AD800F2F1E1 /* YQMutableArray.m */; };
		287C96A922896AD900F2F1E1 /* YQMultiThreadObject.m in Sources */ = {isa = PBXBuildFile; fileRef = 287C96A722896AD800F2F1E1 /* YQMultiThreadObject.m */; };
		289474E2228525F30020A16A /* RuntimeDemoViewController.m in Sources */ = {isa = PBXBuildFile; fileRef = 289474E1228525F30020A16A /* RuntimeDemoViewController.m */; };
		289474E52285264F0020A16A /* Person.m in Sources */ = {isa = PBXBuildFile; fileRef = 289474E42285264F0020A16A /* Person.m */; };
		289474E8228527390020A16A /* Student.m in Sources */ = {isa = PBXBuildFile; fileRef = 289474E7228527390020A16A /* Student.m */; };
		289474EB228559CB0020A16A /* Target_RuntimeDemo.m in Sources */ = {isa = PBXBuildFile; fileRef = 289474EA228559CB0020A16A /* Target_RuntimeDemo.m */; };
		289474EE22855A980020A16A /* WYEMediator+RuntimeDemo.m in Sources */ = {isa = PBXBuildFile; fileRef = 289474ED22855A980020A16A /* WYEMediator+RuntimeDemo.m */; };
		289474F122855E760020A16A /* Teacher.m in Sources */ = {isa = PBXBuildFile; fileRef = 289474F022855E760020A16A /* Teacher.m */; };
		289474F4228561A80020A16A /* RunTimePraticalViewController.m in Sources */ = {isa = PBXBuildFile; fileRef = 289474F3228561A80020A16A /* RunTimePraticalViewController.m */; };
		289474F722856CD10020A16A /* Person+Name.m in Sources */ = {isa = PBXBuildFile; fileRef = 289474F622856CD10020A16A /* Person+Name.m */; };
		289C46492283BB5A004F5C1F /* RootViewController.m in Sources */ = {isa = PBXBuildFile; fileRef = 289C46482283BB5A004F5C1F /* RootViewController.m */; };
		289C464F2283BBA9004F5C1F /* RightViewController.m in Sources */ = {isa = PBXBuildFile; fileRef = 289C464E2283BBA9004F5C1F /* RightViewController.m */; };
		289C46522283BBC2004F5C1F /* LeftViewController.m in Sources */ = {isa = PBXBuildFile; fileRef = 289C46512283BBC2004F5C1F /* LeftViewController.m */; };
		289C46552283C75D004F5C1F /* Target_MultiTableView.m in Sources */ = {isa = PBXBuildFile; fileRef = 289C46542283C75D004F5C1F /* Target_MultiTableView.m */; };
		289C46582283C7E1004F5C1F /* WYEMediator+MultiTableView.m in Sources */ = {isa = PBXBuildFile; fileRef = 289C46572283C7E1004F5C1F /* WYEMediator+MultiTableView.m */; };
		289C465B2283D1B3004F5C1F /* WYEHook.m in Sources */ = {isa = PBXBuildFile; fileRef = 289C465A2283D1B3004F5C1F /* WYEHook.m */; };
		289C46632283D623004F5C1F /* UIViewController+Logger.m in Sources */ = {isa = PBXBuildFile; fileRef = 289C46622283D623004F5C1F /* UIViewController+Logger.m */; };
		289C466622841A71004F5C1F /* UIButton+Logger.m in Sources */ = {isa = PBXBuildFile; fileRef = 289C466522841A71004F5C1F /* UIButton+Logger.m */; };
		28B2558D2276D99C001932FA /* WYEOperation.m in Sources */ = {isa = PBXBuildFile; fileRef = 28B2558C2276D99C001932FA /* WYEOperation.m */; };
		28B255922276E90D001932FA /* Target_Log.m in Sources */ = {isa = PBXBuildFile; fileRef = 28B255912276E90D001932FA /* Target_Log.m */; };
		28B255952276E956001932FA /* LogRedirectVC.m in Sources */ = {isa = PBXBuildFile; fileRef = 28B255942276E956001932FA /* LogRedirectVC.m */; };
		28B255992276ED1E001932FA /* fishhook.c in Sources */ = {isa = PBXBuildFile; fileRef = 28B255972276ED1E001932FA /* fishhook.c */; };
		28B2559C2276EEDA001932FA /* WYEMediator+LogRedirect.m in Sources */ = {isa = PBXBuildFile; fileRef = 28B2559B2276EEDA001932FA /* WYEMediator+LogRedirect.m */; };
		28BB7E482282CDB500FD26E3 /* MenuViewController.m in Sources */ = {isa = PBXBuildFile; fileRef = 28BB7E472282CDB500FD26E3 /* MenuViewController.m */; };
		28BB7E4B2282CDD300FD26E3 /* CenterViewController.m in Sources */ = {isa = PBXBuildFile; fileRef = 28BB7E4A2282CDD300FD26E3 /* CenterViewController.m */; };
		28BB7E4E2282CDEF00FD26E3 /* DrawerViewController.m in Sources */ = {isa = PBXBuildFile; fileRef = 28BB7E4D2282CDEF00FD26E3 /* DrawerViewController.m */; };
		28D4D0A622769C5300F7A25D /* WYEBaseViewController.m in Sources */ = {isa = PBXBuildFile; fileRef = 28D4D0A522769C5300F7A25D /* WYEBaseViewController.m */; };
		B835D289063917BC32A1EB51 /* libPods-WuyineiOSDemo.a in Frameworks */ = {isa = PBXBuildFile; fileRef = BC5208CE18BEC9F81A7E1FBA /* libPods-WuyineiOSDemo.a */; };
/* End PBXBuildFile section */

/* Begin PBXContainerItemProxy section */
		284D9CE122754DE5005152C1 /* PBXContainerItemProxy */ = {
			isa = PBXContainerItemProxy;
			containerPortal = 284D9CC022754DE3005152C1 /* Project object */;
			proxyType = 1;
			remoteGlobalIDString = 284D9CC722754DE3005152C1;
			remoteInfo = WuyineiOSDemo;
		};
		284D9CEC22754DE5005152C1 /* PBXContainerItemProxy */ = {
			isa = PBXContainerItemProxy;
			containerPortal = 284D9CC022754DE3005152C1 /* Project object */;
			proxyType = 1;
			remoteGlobalIDString = 284D9CC722754DE3005152C1;
			remoteInfo = WuyineiOSDemo;
		};
/* End PBXContainerItemProxy section */

/* Begin PBXFileReference section */
		10F77173E4059B556BEA8DF2 /* Pods-WuyineiOSDemoUITests.release.xcconfig */ = {isa = PBXFileReference; includeInIndex = 1; lastKnownFileType = text.xcconfig; name = "Pods-WuyineiOSDemoUITests.release.xcconfig"; path = "Pods/Target Support Files/Pods-WuyineiOSDemoUITests/Pods-WuyineiOSDemoUITests.release.xcconfig"; sourceTree = "<group>"; };
		1C03E786673B14A943DF06EC /* Pods-WuyineiOSDemoTests.debug.xcconfig */ = {isa = PBXFileReference; includeInIndex = 1; lastKnownFileType = text.xcconfig; name = "Pods-WuyineiOSDemoTests.debug.xcconfig"; path = "Pods/Target Support Files/Pods-WuyineiOSDemoTests/Pods-WuyineiOSDemoTests.debug.xcconfig"; sourceTree = "<group>"; };
		280FA8C42282D26E0081CDC9 /* PrefixHeader.pch */ = {isa = PBXFileReference; lastKnownFileType = sourcecode.c.h; path = PrefixHeader.pch; sourceTree = "<group>"; };
		280FA8C52282D43A0081CDC9 /* Target_Drawer.h */ = {isa = PBXFileReference; lastKnownFileType = sourcecode.c.h; path = Target_Drawer.h; sourceTree = "<group>"; };
		280FA8C62282D43A0081CDC9 /* Target_Drawer.m */ = {isa = PBXFileReference; lastKnownFileType = sourcecode.c.objc; path = Target_Drawer.m; sourceTree = "<group>"; };
		280FA8C82282D6050081CDC9 /* WYEMediator+DrawerDemo.h */ = {isa = PBXFileReference; lastKnownFileType = sourcecode.c.h; path = "WYEMediator+DrawerDemo.h"; sourceTree = "<group>"; };
		280FA8C92282D6050081CDC9 /* WYEMediator+DrawerDemo.m */ = {isa = PBXFileReference; lastKnownFileType = sourcecode.c.objc; path = "WYEMediator+DrawerDemo.m"; sourceTree = "<group>"; };
		284D9CC822754DE3005152C1 /* WuyineiOSDemo.app */ = {isa = PBXFileReference; explicitFileType = wrapper.application; includeInIndex = 0; path = WuyineiOSDemo.app; sourceTree = BUILT_PRODUCTS_DIR; };
		284D9CCB22754DE3005152C1 /* AppDelegate.h */ = {isa = PBXFileReference; lastKnownFileType = sourcecode.c.h; path = AppDelegate.h; sourceTree = "<group>"; };
		284D9CCC22754DE3005152C1 /* AppDelegate.m */ = {isa = PBXFileReference; lastKnownFileType = sourcecode.c.objc; path = AppDelegate.m; sourceTree = "<group>"; };
		284D9CCE22754DE3005152C1 /* ViewController.h */ = {isa = PBXFileReference; lastKnownFileType = sourcecode.c.h; path = ViewController.h; sourceTree = "<group>"; };
		284D9CCF22754DE3005152C1 /* ViewController.m */ = {isa = PBXFileReference; lastKnownFileType = sourcecode.c.objc; path = ViewController.m; sourceTree = "<group>"; };
		284D9CD222754DE3005152C1 /* Base */ = {isa = PBXFileReference; lastKnownFileType = file.storyboard; name = Base; path = Base.lproj/Main.storyboard; sourceTree = "<group>"; };
		284D9CD422754DE5005152C1 /* Assets.xcassets */ = {isa = PBXFileReference; lastKnownFileType = folder.assetcatalog; path = Assets.xcassets; sourceTree = "<group>"; };
		284D9CD722754DE5005152C1 /* Base */ = {isa = PBXFileReference; lastKnownFileType = file.storyboard; name = Base; path = Base.lproj/LaunchScreen.storyboard; sourceTree = "<group>"; };
		284D9CD922754DE5005152C1 /* Info.plist */ = {isa = PBXFileReference; lastKnownFileType = text.plist.xml; path = Info.plist; sourceTree = "<group>"; };
		284D9CDA22754DE5005152C1 /* main.m */ = {isa = PBXFileReference; lastKnownFileType = sourcecode.c.objc; path = main.m; sourceTree = "<group>"; };
		284D9CE022754DE5005152C1 /* WuyineiOSDemoTests.xctest */ = {isa = PBXFileReference; explicitFileType = wrapper.cfbundle; includeInIndex = 0; path = WuyineiOSDemoTests.xctest; sourceTree = BUILT_PRODUCTS_DIR; };
		284D9CE422754DE5005152C1 /* WuyineiOSDemoTests.m */ = {isa = PBXFileReference; lastKnownFileType = sourcecode.c.objc; path = WuyineiOSDemoTests.m; sourceTree = "<group>"; };
		284D9CE622754DE5005152C1 /* Info.plist */ = {isa = PBXFileReference; lastKnownFileType = text.plist.xml; path = Info.plist; sourceTree = "<group>"; };
		284D9CEB22754DE5005152C1 /* WuyineiOSDemoUITests.xctest */ = {isa = PBXFileReference; explicitFileType = wrapper.cfbundle; includeInIndex = 0; path = WuyineiOSDemoUITests.xctest; sourceTree = BUILT_PRODUCTS_DIR; };
		284D9CEF22754DE5005152C1 /* WuyineiOSDemoUITests.m */ = {isa = PBXFileReference; lastKnownFileType = sourcecode.c.objc; path = WuyineiOSDemoUITests.m; sourceTree = "<group>"; };
		284D9CF122754DE5005152C1 /* Info.plist */ = {isa = PBXFileReference; lastKnownFileType = text.plist.xml; path = Info.plist; sourceTree = "<group>"; };
		284D9CFE227553D3005152C1 /* WYEMediator.h */ = {isa = PBXFileReference; lastKnownFileType = sourcecode.c.h; path = WYEMediator.h; sourceTree = "<group>"; };
		284D9CFF227553D3005152C1 /* WYEMediator.m */ = {isa = PBXFileReference; lastKnownFileType = sourcecode.c.objc; path = WYEMediator.m; sourceTree = "<group>"; };
		284D9D0522759C21005152C1 /* WYEMediator+MutiThreadModuleActions.h */ = {isa = PBXFileReference; lastKnownFileType = sourcecode.c.h; path = "WYEMediator+MutiThreadModuleActions.h"; sourceTree = "<group>"; };
		284D9D0622759C21005152C1 /* WYEMediator+MutiThreadModuleActions.m */ = {isa = PBXFileReference; lastKnownFileType = sourcecode.c.objc; path = "WYEMediator+MutiThreadModuleActions.m"; sourceTree = "<group>"; };
		284D9D092275A5E8005152C1 /* Target_MutiThread.h */ = {isa = PBXFileReference; lastKnownFileType = sourcecode.c.h; path = Target_MutiThread.h; sourceTree = "<group>"; };
		284D9D0A2275A5E8005152C1 /* Target_MutiThread.m */ = {isa = PBXFileReference; lastKnownFileType = sourcecode.c.objc; path = Target_MutiThread.m; sourceTree = "<group>"; };
		284D9D0C2275A81D005152C1 /* MutiThreadViewController.h */ = {isa = PBXFileReference; lastKnownFileType = sourcecode.c.h; path = MutiThreadViewController.h; sourceTree = "<group>"; };
		284D9D0D2275A81D005152C1 /* MutiThreadViewController.m */ = {isa = PBXFileReference; lastKnownFileType = sourcecode.c.objc; path = MutiThreadViewController.m; sourceTree = "<group>"; };
		287C969A228953C500F2F1E1 /* NSObject+WYEModel.h */ = {isa = PBXFileReference; lastKnownFileType = sourcecode.c.h; path = "NSObject+WYEModel.h"; sourceTree = "<group>"; };
		287C969B228953C500F2F1E1 /* NSObject+WYEModel.m */ = {isa = PBXFileReference; lastKnownFileType = sourcecode.c.objc; path = "NSObject+WYEModel.m"; sourceTree = "<group>"; };
		287C969D2289579000F2F1E1 /* test.json */ = {isa = PBXFileReference; fileEncoding = 4; lastKnownFileType = text.json; path = test.json; sourceTree = "<group>"; };
		287C96A02289581200F2F1E1 /* WYETools.h */ = {isa = PBXFileReference; lastKnownFileType = sourcecode.c.h; path = WYETools.h; sourceTree = "<group>"; };
		287C96A12289581200F2F1E1 /* WYETools.m */ = {isa = PBXFileReference; lastKnownFileType = sourcecode.c.objc; path = WYETools.m; sourceTree = "<group>"; };
		287C96A422896AD800F2F1E1 /* YQMutableArray.m */ = {isa = PBXFileReference; fileEncoding = 4; lastKnownFileType = sourcecode.c.objc; path = YQMutableArray.m; sourceTree = "<group>"; };
		287C96A522896AD800F2F1E1 /* YQMutableArray.h */ = {isa = PBXFileReference; fileEncoding = 4; lastKnownFileType = sourcecode.c.h; path = YQMutableArray.h; sourceTree = "<group>"; };
		287C96A622896AD800F2F1E1 /* YQMultiThreadObject.h */ = {isa = PBXFileReference; fileEncoding = 4; lastKnownFileType = sourcecode.c.h; path = YQMultiThreadObject.h; sourceTree = "<group>"; };
		287C96A722896AD800F2F1E1 /* YQMultiThreadObject.m */ = {isa = PBXFileReference; fileEncoding = 4; lastKnownFileType = sourcecode.c.objc; path = YQMultiThreadObject.m; sourceTree = "<group>"; };
		289474E0228525F30020A16A /* RuntimeDemoViewController.h */ = {isa = PBXFileReference; lastKnownFileType = sourcecode.c.h; path = RuntimeDemoViewController.h; sourceTree = "<group>"; };
		289474E1228525F30020A16A /* RuntimeDemoViewController.m */ = {isa = PBXFileReference; lastKnownFileType = sourcecode.c.objc; path = RuntimeDemoViewController.m; sourceTree = "<group>"; };
		289474E32285264F0020A16A /* Person.h */ = {isa = PBXFileReference; lastKnownFileType = sourcecode.c.h; path = Person.h; sourceTree = "<group>"; };
		289474E42285264F0020A16A /* Person.m */ = {isa = PBXFileReference; lastKnownFileType = sourcecode.c.objc; path = Person.m; sourceTree = "<group>"; };
		289474E6228527390020A16A /* Student.h */ = {isa = PBXFileReference; lastKnownFileType = sourcecode.c.h; path = Student.h; sourceTree = "<group>"; };
		289474E7228527390020A16A /* Student.m */ = {isa = PBXFileReference; lastKnownFileType = sourcecode.c.objc; path = Student.m; sourceTree = "<group>"; };
		289474E9228559CB0020A16A /* Target_RuntimeDemo.h */ = {isa = PBXFileReference; lastKnownFileType = sourcecode.c.h; path = Target_RuntimeDemo.h; sourceTree = "<group>"; };
		289474EA228559CB0020A16A /* Target_RuntimeDemo.m */ = {isa = PBXFileReference; lastKnownFileType = sourcecode.c.objc; path = Target_RuntimeDemo.m; sourceTree = "<group>"; };
		289474EC22855A980020A16A /* WYEMediator+RuntimeDemo.h */ = {isa = PBXFileReference; lastKnownFileType = sourcecode.c.h; path = "WYEMediator+RuntimeDemo.h"; sourceTree = "<group>"; };
		289474ED22855A980020A16A /* WYEMediator+RuntimeDemo.m */ = {isa = PBXFileReference; lastKnownFileType = sourcecode.c.objc; path = "WYEMediator+RuntimeDemo.m"; sourceTree = "<group>"; };
		289474EF22855E760020A16A /* Teacher.h */ = {isa = PBXFileReference; lastKnownFileType = sourcecode.c.h; path = Teacher.h; sourceTree = "<group>"; };
		289474F022855E760020A16A /* Teacher.m */ = {isa = PBXFileReference; lastKnownFileType = sourcecode.c.objc; path = Teacher.m; sourceTree = "<group>"; };
		289474F2228561A80020A16A /* RunTimePraticalViewController.h */ = {isa = PBXFileReference; lastKnownFileType = sourcecode.c.h; path = RunTimePraticalViewController.h; sourceTree = "<group>"; };
		289474F3228561A80020A16A /* RunTimePraticalViewController.m */ = {isa = PBXFileReference; lastKnownFileType = sourcecode.c.objc; path = RunTimePraticalViewController.m; sourceTree = "<group>"; };
		289474F522856CD10020A16A /* Person+Name.h */ = {isa = PBXFileReference; lastKnownFileType = sourcecode.c.h; path = "Person+Name.h"; sourceTree = "<group>"; };
		289474F622856CD10020A16A /* Person+Name.m */ = {isa = PBXFileReference; lastKnownFileType = sourcecode.c.objc; path = "Person+Name.m"; sourceTree = "<group>"; };
		289C46472283BB5A004F5C1F /* RootViewController.h */ = {isa = PBXFileReference; lastKnownFileType = sourcecode.c.h; path = RootViewController.h; sourceTree = "<group>"; };
		289C46482283BB5A004F5C1F /* RootViewController.m */ = {isa = PBXFileReference; lastKnownFileType = sourcecode.c.objc; path = RootViewController.m; sourceTree = "<group>"; };
		289C464D2283BBA9004F5C1F /* RightViewController.h */ = {isa = PBXFileReference; lastKnownFileType = sourcecode.c.h; path = RightViewController.h; sourceTree = "<group>"; };
		289C464E2283BBA9004F5C1F /* RightViewController.m */ = {isa = PBXFileReference; lastKnownFileType = sourcecode.c.objc; path = RightViewController.m; sourceTree = "<group>"; };
		289C46502283BBC2004F5C1F /* LeftViewController.h */ = {isa = PBXFileReference; lastKnownFileType = sourcecode.c.h; path = LeftViewController.h; sourceTree = "<group>"; };
		289C46512283BBC2004F5C1F /* LeftViewController.m */ = {isa = PBXFileReference; lastKnownFileType = sourcecode.c.objc; path = LeftViewController.m; sourceTree = "<group>"; };
		289C46532283C75D004F5C1F /* Target_MultiTableView.h */ = {isa = PBXFileReference; lastKnownFileType = sourcecode.c.h; path = Target_MultiTableView.h; sourceTree = "<group>"; };
		289C46542283C75D004F5C1F /* Target_MultiTableView.m */ = {isa = PBXFileReference; lastKnownFileType = sourcecode.c.objc; path = Target_MultiTableView.m; sourceTree = "<group>"; };
		289C46562283C7E1004F5C1F /* WYEMediator+MultiTableView.h */ = {isa = PBXFileReference; lastKnownFileType = sourcecode.c.h; path = "WYEMediator+MultiTableView.h"; sourceTree = "<group>"; };
		289C46572283C7E1004F5C1F /* WYEMediator+MultiTableView.m */ = {isa = PBXFileReference; lastKnownFileType = sourcecode.c.objc; path = "WYEMediator+MultiTableView.m"; sourceTree = "<group>"; };
		289C46592283D1B3004F5C1F /* WYEHook.h */ = {isa = PBXFileReference; lastKnownFileType = sourcecode.c.h; path = WYEHook.h; sourceTree = "<group>"; };
		289C465A2283D1B3004F5C1F /* WYEHook.m */ = {isa = PBXFileReference; lastKnownFileType = sourcecode.c.objc; path = WYEHook.m; sourceTree = "<group>"; };
		289C46612283D623004F5C1F /* UIViewController+Logger.h */ = {isa = PBXFileReference; lastKnownFileType = sourcecode.c.h; path = "UIViewController+Logger.h"; sourceTree = "<group>"; };
		289C46622283D623004F5C1F /* UIViewController+Logger.m */ = {isa = PBXFileReference; lastKnownFileType = sourcecode.c.objc; path = "UIViewController+Logger.m"; sourceTree = "<group>"; };
		289C466422841A71004F5C1F /* UIButton+Logger.h */ = {isa = PBXFileReference; lastKnownFileType = sourcecode.c.h; path = "UIButton+Logger.h"; sourceTree = "<group>"; };
		289C466522841A71004F5C1F /* UIButton+Logger.m */ = {isa = PBXFileReference; lastKnownFileType = sourcecode.c.objc; path = "UIButton+Logger.m"; sourceTree = "<group>"; };
		28B2558B2276D99C001932FA /* WYEOperation.h */ = {isa = PBXFileReference; lastKnownFileType = sourcecode.c.h; path = WYEOperation.h; sourceTree = "<group>"; };
		28B2558C2276D99C001932FA /* WYEOperation.m */ = {isa = PBXFileReference; lastKnownFileType = sourcecode.c.objc; path = WYEOperation.m; sourceTree = "<group>"; };
		28B255902276E90D001932FA /* Target_Log.h */ = {isa = PBXFileReference; lastKnownFileType = sourcecode.c.h; path = Target_Log.h; sourceTree = "<group>"; };
		28B255912276E90D001932FA /* Target_Log.m */ = {isa = PBXFileReference; lastKnownFileType = sourcecode.c.objc; path = Target_Log.m; sourceTree = "<group>"; };
		28B255932276E956001932FA /* LogRedirectVC.h */ = {isa = PBXFileReference; lastKnownFileType = sourcecode.c.h; path = LogRedirectVC.h; sourceTree = "<group>"; };
		28B255942276E956001932FA /* LogRedirectVC.m */ = {isa = PBXFileReference; lastKnownFileType = sourcecode.c.objc; path = LogRedirectVC.m; sourceTree = "<group>"; };
		28B255972276ED1E001932FA /* fishhook.c */ = {isa = PBXFileReference; fileEncoding = 4; lastKnownFileType = sourcecode.c.c; path = fishhook.c; sourceTree = "<group>"; };
		28B255982276ED1E001932FA /* fishhook.h */ = {isa = PBXFileReference; fileEncoding = 4; lastKnownFileType = sourcecode.c.h; path = fishhook.h; sourceTree = "<group>"; };
		28B2559A2276EEDA001932FA /* WYEMediator+LogRedirect.h */ = {isa = PBXFileReference; lastKnownFileType = sourcecode.c.h; path = "WYEMediator+LogRedirect.h"; sourceTree = "<group>"; };
		28B2559B2276EEDA001932FA /* WYEMediator+LogRedirect.m */ = {isa = PBXFileReference; lastKnownFileType = sourcecode.c.objc; path = "WYEMediator+LogRedirect.m"; sourceTree = "<group>"; };
		28BB7E462282CDB500FD26E3 /* MenuViewController.h */ = {isa = PBXFileReference; lastKnownFileType = sourcecode.c.h; path = MenuViewController.h; sourceTree = "<group>"; };
		28BB7E472282CDB500FD26E3 /* MenuViewController.m */ = {isa = PBXFileReference; lastKnownFileType = sourcecode.c.objc; path = MenuViewController.m; sourceTree = "<group>"; };
		28BB7E492282CDD300FD26E3 /* CenterViewController.h */ = {isa = PBXFileReference; lastKnownFileType = sourcecode.c.h; path = CenterViewController.h; sourceTree = "<group>"; };
		28BB7E4A2282CDD300FD26E3 /* CenterViewController.m */ = {isa = PBXFileReference; lastKnownFileType = sourcecode.c.objc; path = CenterViewController.m; sourceTree = "<group>"; };
		28BB7E4C2282CDEF00FD26E3 /* DrawerViewController.h */ = {isa = PBXFileReference; lastKnownFileType = sourcecode.c.h; path = DrawerViewController.h; sourceTree = "<group>"; };
		28BB7E4D2282CDEF00FD26E3 /* DrawerViewController.m */ = {isa = PBXFileReference; lastKnownFileType = sourcecode.c.objc; path = DrawerViewController.m; sourceTree = "<group>"; };
		28D4D0A422769C5300F7A25D /* WYEBaseViewController.h */ = {isa = PBXFileReference; lastKnownFileType = sourcecode.c.h; path = WYEBaseViewController.h; sourceTree = "<group>"; };
		28D4D0A522769C5300F7A25D /* WYEBaseViewController.m */ = {isa = PBXFileReference; lastKnownFileType = sourcecode.c.objc; path = WYEBaseViewController.m; sourceTree = "<group>"; };
		3B7052CF1D12B8A533FFA36A /* Pods-WuyineiOSDemo.debug.xcconfig */ = {isa = PBXFileReference; includeInIndex = 1; lastKnownFileType = text.xcconfig; name = "Pods-WuyineiOSDemo.debug.xcconfig"; path = "Pods/Target Support Files/Pods-WuyineiOSDemo/Pods-WuyineiOSDemo.debug.xcconfig"; sourceTree = "<group>"; };
		44AF6EB1559870A9762C13E3 /* libPods-WuyineiOSDemoTests.a */ = {isa = PBXFileReference; explicitFileType = archive.ar; includeInIndex = 0; path = "libPods-WuyineiOSDemoTests.a"; sourceTree = BUILT_PRODUCTS_DIR; };
		5BF3AF7B4CD31118CAE82942 /* Pods-WuyineiOSDemoUITests.debug.xcconfig */ = {isa = PBXFileReference; includeInIndex = 1; lastKnownFileType = text.xcconfig; name = "Pods-WuyineiOSDemoUITests.debug.xcconfig"; path = "Pods/Target Support Files/Pods-WuyineiOSDemoUITests/Pods-WuyineiOSDemoUITests.debug.xcconfig"; sourceTree = "<group>"; };
		6A648CBEBC5D51C0F3D8893A /* Pods-WuyineiOSDemoTests.release.xcconfig */ = {isa = PBXFileReference; includeInIndex = 1; lastKnownFileType = text.xcconfig; name = "Pods-WuyineiOSDemoTests.release.xcconfig"; path = "Pods/Target Support Files/Pods-WuyineiOSDemoTests/Pods-WuyineiOSDemoTests.release.xcconfig"; sourceTree = "<group>"; };
		BC49A9BD254CA534A03EB637 /* libPods-WuyineiOSDemoUITests.a */ = {isa = PBXFileReference; explicitFileType = archive.ar; includeInIndex = 0; path = "libPods-WuyineiOSDemoUITests.a"; sourceTree = BUILT_PRODUCTS_DIR; };
		BC5208CE18BEC9F81A7E1FBA /* libPods-WuyineiOSDemo.a */ = {isa = PBXFileReference; explicitFileType = archive.ar; includeInIndex = 0; path = "libPods-WuyineiOSDemo.a"; sourceTree = BUILT_PRODUCTS_DIR; };
		F07FC59ED10A5AE50766D960 /* Pods-WuyineiOSDemo.release.xcconfig */ = {isa = PBXFileReference; includeInIndex = 1; lastKnownFileType = text.xcconfig; name = "Pods-WuyineiOSDemo.release.xcconfig"; path = "Pods/Target Support Files/Pods-WuyineiOSDemo/Pods-WuyineiOSDemo.release.xcconfig"; sourceTree = "<group>"; };
/* End PBXFileReference section */

/* Begin PBXFrameworksBuildPhase section */
		284D9CC522754DE3005152C1 /* Frameworks */ = {
			isa = PBXFrameworksBuildPhase;
			buildActionMask = 2147483647;
			files = (
				B835D289063917BC32A1EB51 /* libPods-WuyineiOSDemo.a in Frameworks */,
			);
			runOnlyForDeploymentPostprocessing = 0;
		};
		284D9CDD22754DE5005152C1 /* Frameworks */ = {
			isa = PBXFrameworksBuildPhase;
			buildActionMask = 2147483647;
			files = (
				10A0762441902487037C111E /* libPods-WuyineiOSDemoTests.a in Frameworks */,
			);
			runOnlyForDeploymentPostprocessing = 0;
		};
		284D9CE822754DE5005152C1 /* Frameworks */ = {
			isa = PBXFrameworksBuildPhase;
			buildActionMask = 2147483647;
			files = (
				23844B7B45C04947BFC8EF4E /* libPods-WuyineiOSDemoUITests.a in Frameworks */,
			);
			runOnlyForDeploymentPostprocessing = 0;
		};
/* End PBXFrameworksBuildPhase section */

/* Begin PBXGroup section */
		284D9CBF22754DE3005152C1 = {
			isa = PBXGroup;
			children = (
				284D9CCA22754DE3005152C1 /* WuyineiOSDemo */,
				284D9CE322754DE5005152C1 /* WuyineiOSDemoTests */,
				284D9CEE22754DE5005152C1 /* WuyineiOSDemoUITests */,
				284D9CC922754DE3005152C1 /* Products */,
				FA1FB9188FFFAB4F4DC5E91E /* Pods */,
				4F1F8A8E2B11BC42764C5DAD /* Frameworks */,
			);
			sourceTree = "<group>";
		};
		284D9CC922754DE3005152C1 /* Products */ = {
			isa = PBXGroup;
			children = (
				284D9CC822754DE3005152C1 /* WuyineiOSDemo.app */,
				284D9CE022754DE5005152C1 /* WuyineiOSDemoTests.xctest */,
				284D9CEB22754DE5005152C1 /* WuyineiOSDemoUITests.xctest */,
			);
			name = Products;
			sourceTree = "<group>";
		};
		284D9CCA22754DE3005152C1 /* WuyineiOSDemo */ = {
			isa = PBXGroup;
			children = (
				287C969F2289580000F2F1E1 /* Tools */,
				289C46602283D5EE004F5C1F /* 无侵入埋点相关 */,
				28D4D0A322769C3C00F7A25D /* BaseViewController */,
				284D9CFD227553B9005152C1 /* WYEMediator(中间者模式主要内容) */,
				284D9D082275A5C6005152C1 /* Module */,
				284D9CCB22754DE3005152C1 /* AppDelegate.h */,
				284D9CCC22754DE3005152C1 /* AppDelegate.m */,
				284D9CCE22754DE3005152C1 /* ViewController.h */,
				284D9CCF22754DE3005152C1 /* ViewController.m */,
				280FA8C42282D26E0081CDC9 /* PrefixHeader.pch */,
				284D9CD122754DE3005152C1 /* Main.storyboard */,
				284D9CD422754DE5005152C1 /* Assets.xcassets */,
				284D9CD622754DE5005152C1 /* LaunchScreen.storyboard */,
				284D9CD922754DE5005152C1 /* Info.plist */,
				284D9CDA22754DE5005152C1 /* main.m */,
			);
			path = WuyineiOSDemo;
			sourceTree = "<group>";
		};
		284D9CE322754DE5005152C1 /* WuyineiOSDemoTests */ = {
			isa = PBXGroup;
			children = (
				284D9CE422754DE5005152C1 /* WuyineiOSDemoTests.m */,
				284D9CE622754DE5005152C1 /* Info.plist */,
			);
			path = WuyineiOSDemoTests;
			sourceTree = "<group>";
		};
		284D9CEE22754DE5005152C1 /* WuyineiOSDemoUITests */ = {
			isa = PBXGroup;
			children = (
				284D9CEF22754DE5005152C1 /* WuyineiOSDemoUITests.m */,
				284D9CF122754DE5005152C1 /* Info.plist */,
			);
			path = WuyineiOSDemoUITests;
			sourceTree = "<group>";
		};
		284D9CFD227553B9005152C1 /* WYEMediator(中间者模式主要内容) */ = {
			isa = PBXGroup;
			children = (
				284D9CFE227553D3005152C1 /* WYEMediator.h */,
				284D9CFF227553D3005152C1 /* WYEMediator.m */,
				284D9D0122759BA8005152C1 /* ModulesCategories(每个独立模块都应该独立建一个category) */,
			);
			name = "WYEMediator(中间者模式主要内容)";
			sourceTree = "<group>";
		};
		284D9D0122759BA8005152C1 /* ModulesCategories(每个独立模块都应该独立建一个category) */ = {
			isa = PBXGroup;
			children = (
				284D9D0522759C21005152C1 /* WYEMediator+MutiThreadModuleActions.h */,
				284D9D0622759C21005152C1 /* WYEMediator+MutiThreadModuleActions.m */,
				28B2559A2276EEDA001932FA /* WYEMediator+LogRedirect.h */,
				28B2559B2276EEDA001932FA /* WYEMediator+LogRedirect.m */,
				280FA8C82282D6050081CDC9 /* WYEMediator+DrawerDemo.h */,
				280FA8C92282D6050081CDC9 /* WYEMediator+DrawerDemo.m */,
				289C46562283C7E1004F5C1F /* WYEMediator+MultiTableView.h */,
				289C46572283C7E1004F5C1F /* WYEMediator+MultiTableView.m */,
				289474EC22855A980020A16A /* WYEMediator+RuntimeDemo.h */,
				289474ED22855A980020A16A /* WYEMediator+RuntimeDemo.m */,
			);
			path = "ModulesCategories(每个独立模块都应该独立建一个category)";
			sourceTree = "<group>";
		};
		284D9D082275A5C6005152C1 /* Module */ = {
			isa = PBXGroup;
			children = (
				289474DF228525690020A16A /* runtime */,
				289C46462283BB37004F5C1F /* 一个vc里多tableview */,
				28BB7E452282CD9000FD26E3 /* 简单抽屉 */,
				28B2558F2276E8D9001932FA /* 日志重定向LogRedirect */,
				28B2558E2276E8C0001932FA /* 多线程MultiThread */,
			);
			path = Module;
			sourceTree = "<group>";
		};
		287C969F2289580000F2F1E1 /* Tools */ = {
			isa = PBXGroup;
			children = (
				287C96A02289581200F2F1E1 /* WYETools.h */,
				287C96A12289581200F2F1E1 /* WYETools.m */,
			);
			path = Tools;
			sourceTree = "<group>";
		};
		287C96A322896AC400F2F1E1 /* 安全数组 */ = {
			isa = PBXGroup;
			children = (
				287C96A622896AD800F2F1E1 /* YQMultiThreadObject.h */,
				287C96A722896AD800F2F1E1 /* YQMultiThreadObject.m */,
				287C96A522896AD800F2F1E1 /* YQMutableArray.h */,
				287C96A422896AD800F2F1E1 /* YQMutableArray.m */,
			);
			path = "安全数组";
			sourceTree = "<group>";
		};
		289474DF228525690020A16A /* runtime */ = {
			isa = PBXGroup;
			children = (
				287C96A322896AC400F2F1E1 /* 安全数组 */,
				289474E0228525F30020A16A /* RuntimeDemoViewController.h */,
				289474E1228525F30020A16A /* RuntimeDemoViewController.m */,
				289474F2228561A80020A16A /* RunTimePraticalViewController.h */,
				289474F3228561A80020A16A /* RunTimePraticalViewController.m */,
				287C969A228953C500F2F1E1 /* NSObject+WYEModel.h */,
				287C969B228953C500F2F1E1 /* NSObject+WYEModel.m */,
				289474E32285264F0020A16A /* Person.h */,
				289474E42285264F0020A16A /* Person.m */,
				289474F522856CD10020A16A /* Person+Name.h */,
				289474F622856CD10020A16A /* Person+Name.m */,
				289474E6228527390020A16A /* Student.h */,
				289474E7228527390020A16A /* Student.m */,
				289474EF22855E760020A16A /* Teacher.h */,
				289474F022855E760020A16A /* Teacher.m */,
				289474E9228559CB0020A16A /* Target_RuntimeDemo.h */,
				289474EA228559CB0020A16A /* Target_RuntimeDemo.m */,
				287C969D2289579000F2F1E1 /* test.json */,
			);
			path = runtime;
			sourceTree = "<group>";
		};
		289C46462283BB37004F5C1F /* 一个vc里多tableview */ = {
			isa = PBXGroup;
			children = (
				289C46472283BB5A004F5C1F /* RootViewController.h */,
				289C46482283BB5A004F5C1F /* RootViewController.m */,
				289C46502283BBC2004F5C1F /* LeftViewController.h */,
				289C46512283BBC2004F5C1F /* LeftViewController.m */,
				289C464D2283BBA9004F5C1F /* RightViewController.h */,
				289C464E2283BBA9004F5C1F /* RightViewController.m */,
				289C46532283C75D004F5C1F /* Target_MultiTableView.h */,
				289C46542283C75D004F5C1F /* Target_MultiTableView.m */,
			);
			path = "一个vc里多tableview";
			sourceTree = "<group>";
		};
		289C46602283D5EE004F5C1F /* 无侵入埋点相关 */ = {
			isa = PBXGroup;
			children = (
				28B255962276ECFB001932FA /* fishhook */,
				289C46592283D1B3004F5C1F /* WYEHook.h */,
				289C465A2283D1B3004F5C1F /* WYEHook.m */,
				289C46612283D623004F5C1F /* UIViewController+Logger.h */,
				289C46622283D623004F5C1F /* UIViewController+Logger.m */,
				289C466422841A71004F5C1F /* UIButton+Logger.h */,
				289C466522841A71004F5C1F /* UIButton+Logger.m */,
			);
			path = "无侵入埋点相关";
			sourceTree = "<group>";
		};
		28B2558E2276E8C0001932FA /* 多线程MultiThread */ = {
			isa = PBXGroup;
			children = (
				284D9D092275A5E8005152C1 /* Target_MutiThread.h */,
				284D9D0A2275A5E8005152C1 /* Target_MutiThread.m */,
				284D9D0C2275A81D005152C1 /* MutiThreadViewController.h */,
				284D9D0D2275A81D005152C1 /* MutiThreadViewController.m */,
				28B2558B2276D99C001932FA /* WYEOperation.h */,
				28B2558C2276D99C001932FA /* WYEOperation.m */,
			);
			path = "多线程MultiThread";
			sourceTree = "<group>";
		};
		28B2558F2276E8D9001932FA /* 日志重定向LogRedirect */ = {
			isa = PBXGroup;
			children = (
				28B255902276E90D001932FA /* Target_Log.h */,
				28B255912276E90D001932FA /* Target_Log.m */,
				28B255932276E956001932FA /* LogRedirectVC.h */,
				28B255942276E956001932FA /* LogRedirectVC.m */,
			);
			path = "日志重定向LogRedirect";
			sourceTree = "<group>";
		};
		28B255962276ECFB001932FA /* fishhook */ = {
			isa = PBXGroup;
			children = (
				28B255972276ED1E001932FA /* fishhook.c */,
				28B255982276ED1E001932FA /* fishhook.h */,
			);
			path = fishhook;
			sourceTree = "<group>";
		};
		28BB7E452282CD9000FD26E3 /* 简单抽屉 */ = {
			isa = PBXGroup;
			children = (
				28BB7E462282CDB500FD26E3 /* MenuViewController.h */,
				28BB7E472282CDB500FD26E3 /* MenuViewController.m */,
				28BB7E492282CDD300FD26E3 /* CenterViewController.h */,
				28BB7E4A2282CDD300FD26E3 /* CenterViewController.m */,
				28BB7E4C2282CDEF00FD26E3 /* DrawerViewController.h */,
				28BB7E4D2282CDEF00FD26E3 /* DrawerViewController.m */,
				280FA8C52282D43A0081CDC9 /* Target_Drawer.h */,
				280FA8C62282D43A0081CDC9 /* Target_Drawer.m */,
			);
			path = "简单抽屉";
			sourceTree = "<group>";
		};
		28D4D0A322769C3C00F7A25D /* BaseViewController */ = {
			isa = PBXGroup;
			children = (
				28D4D0A422769C5300F7A25D /* WYEBaseViewController.h */,
				28D4D0A522769C5300F7A25D /* WYEBaseViewController.m */,
			);
			name = BaseViewController;
			sourceTree = "<group>";
		};
		4F1F8A8E2B11BC42764C5DAD /* Frameworks */ = {
			isa = PBXGroup;
			children = (
				BC5208CE18BEC9F81A7E1FBA /* libPods-WuyineiOSDemo.a */,
				44AF6EB1559870A9762C13E3 /* libPods-WuyineiOSDemoTests.a */,
				BC49A9BD254CA534A03EB637 /* libPods-WuyineiOSDemoUITests.a */,
			);
			name = Frameworks;
			sourceTree = "<group>";
		};
		FA1FB9188FFFAB4F4DC5E91E /* Pods */ = {
			isa = PBXGroup;
			children = (
				3B7052CF1D12B8A533FFA36A /* Pods-WuyineiOSDemo.debug.xcconfig */,
				F07FC59ED10A5AE50766D960 /* Pods-WuyineiOSDemo.release.xcconfig */,
				1C03E786673B14A943DF06EC /* Pods-WuyineiOSDemoTests.debug.xcconfig */,
				6A648CBEBC5D51C0F3D8893A /* Pods-WuyineiOSDemoTests.release.xcconfig */,
				5BF3AF7B4CD31118CAE82942 /* Pods-WuyineiOSDemoUITests.debug.xcconfig */,
				10F77173E4059B556BEA8DF2 /* Pods-WuyineiOSDemoUITests.release.xcconfig */,
			);
			name = Pods;
			sourceTree = "<group>";
		};
/* End PBXGroup section */

/* Begin PBXNativeTarget section */
		284D9CC722754DE3005152C1 /* WuyineiOSDemo */ = {
			isa = PBXNativeTarget;
			buildConfigurationList = 284D9CF422754DE5005152C1 /* Build configuration list for PBXNativeTarget "WuyineiOSDemo" */;
			buildPhases = (
				06098A6C3576141A7994E87F /* [CP] Check Pods Manifest.lock */,
				284D9CC422754DE3005152C1 /* Sources */,
				284D9CC522754DE3005152C1 /* Frameworks */,
				284D9CC622754DE3005152C1 /* Resources */,
			);
			buildRules = (
			);
			dependencies = (
			);
			name = WuyineiOSDemo;
			productName = WuyineiOSDemo;
			productReference = 284D9CC822754DE3005152C1 /* WuyineiOSDemo.app */;
			productType = "com.apple.product-type.application";
		};
		284D9CDF22754DE5005152C1 /* WuyineiOSDemoTests */ = {
			isa = PBXNativeTarget;
			buildConfigurationList = 284D9CF722754DE5005152C1 /* Build configuration list for PBXNativeTarget "WuyineiOSDemoTests" */;
			buildPhases = (
				2BC77AD58DDFBFD7D1A0C393 /* [CP] Check Pods Manifest.lock */,
				284D9CDC22754DE5005152C1 /* Sources */,
				284D9CDD22754DE5005152C1 /* Frameworks */,
				284D9CDE22754DE5005152C1 /* Resources */,
			);
			buildRules = (
			);
			dependencies = (
				284D9CE222754DE5005152C1 /* PBXTargetDependency */,
			);
			name = WuyineiOSDemoTests;
			productName = WuyineiOSDemoTests;
			productReference = 284D9CE022754DE5005152C1 /* WuyineiOSDemoTests.xctest */;
			productType = "com.apple.product-type.bundle.unit-test";
		};
		284D9CEA22754DE5005152C1 /* WuyineiOSDemoUITests */ = {
			isa = PBXNativeTarget;
			buildConfigurationList = 284D9CFA22754DE5005152C1 /* Build configuration list for PBXNativeTarget "WuyineiOSDemoUITests" */;
			buildPhases = (
				D6CDA096B9F314D9618493B8 /* [CP] Check Pods Manifest.lock */,
				284D9CE722754DE5005152C1 /* Sources */,
				284D9CE822754DE5005152C1 /* Frameworks */,
				284D9CE922754DE5005152C1 /* Resources */,
			);
			buildRules = (
			);
			dependencies = (
				284D9CED22754DE5005152C1 /* PBXTargetDependency */,
			);
			name = WuyineiOSDemoUITests;
			productName = WuyineiOSDemoUITests;
			productReference = 284D9CEB22754DE5005152C1 /* WuyineiOSDemoUITests.xctest */;
			productType = "com.apple.product-type.bundle.ui-testing";
		};
/* End PBXNativeTarget section */

/* Begin PBXProject section */
		284D9CC022754DE3005152C1 /* Project object */ = {
			isa = PBXProject;
			attributes = {
				LastUpgradeCheck = 1010;
				ORGANIZATIONNAME = wuyine;
				TargetAttributes = {
					284D9CC722754DE3005152C1 = {
						CreatedOnToolsVersion = 10.1;
					};
					284D9CDF22754DE5005152C1 = {
						CreatedOnToolsVersion = 10.1;
						TestTargetID = 284D9CC722754DE3005152C1;
					};
					284D9CEA22754DE5005152C1 = {
						CreatedOnToolsVersion = 10.1;
						TestTargetID = 284D9CC722754DE3005152C1;
					};
				};
			};
			buildConfigurationList = 284D9CC322754DE3005152C1 /* Build configuration list for PBXProject "WuyineiOSDemo" */;
			compatibilityVersion = "Xcode 9.3";
			developmentRegion = en;
			hasScannedForEncodings = 0;
			knownRegions = (
				en,
				Base,
			);
			mainGroup = 284D9CBF22754DE3005152C1;
			productRefGroup = 284D9CC922754DE3005152C1 /* Products */;
			projectDirPath = "";
			projectRoot = "";
			targets = (
				284D9CC722754DE3005152C1 /* WuyineiOSDemo */,
				284D9CDF22754DE5005152C1 /* WuyineiOSDemoTests */,
				284D9CEA22754DE5005152C1 /* WuyineiOSDemoUITests */,
			);
		};
/* End PBXProject section */

/* Begin PBXResourcesBuildPhase section */
		284D9CC622754DE3005152C1 /* Resources */ = {
			isa = PBXResourcesBuildPhase;
			buildActionMask = 2147483647;
			files = (
				284D9CD822754DE5005152C1 /* LaunchScreen.storyboard in Resources */,
				287C969E2289579000F2F1E1 /* test.json in Resources */,
				284D9CD522754DE5005152C1 /* Assets.xcassets in Resources */,
				284D9CD322754DE3005152C1 /* Main.storyboard in Resources */,
			);
			runOnlyForDeploymentPostprocessing = 0;
		};
		284D9CDE22754DE5005152C1 /* Resources */ = {
			isa = PBXResourcesBuildPhase;
			buildActionMask = 2147483647;
			files = (
			);
			runOnlyForDeploymentPostprocessing = 0;
		};
		284D9CE922754DE5005152C1 /* Resources */ = {
			isa = PBXResourcesBuildPhase;
			buildActionMask = 2147483647;
			files = (
			);
			runOnlyForDeploymentPostprocessing = 0;
		};
/* End PBXResourcesBuildPhase section */

/* Begin PBXShellScriptBuildPhase section */
		06098A6C3576141A7994E87F /* [CP] Check Pods Manifest.lock */ = {
			isa = PBXShellScriptBuildPhase;
			buildActionMask = 2147483647;
			files = (
			);
			inputFileListPaths = (
			);
			inputPaths = (
				"${PODS_PODFILE_DIR_PATH}/Podfile.lock",
				"${PODS_ROOT}/Manifest.lock",
			);
			name = "[CP] Check Pods Manifest.lock";
			outputFileListPaths = (
			);
			outputPaths = (
				"$(DERIVED_FILE_DIR)/Pods-WuyineiOSDemo-checkManifestLockResult.txt",
			);
			runOnlyForDeploymentPostprocessing = 0;
			shellPath = /bin/sh;
			shellScript = "diff \"${PODS_PODFILE_DIR_PATH}/Podfile.lock\" \"${PODS_ROOT}/Manifest.lock\" > /dev/null\nif [ $? != 0 ] ; then\n    # print error to STDERR\n    echo \"error: The sandbox is not in sync with the Podfile.lock. Run 'pod install' or update your CocoaPods installation.\" >&2\n    exit 1\nfi\n# This output is used by Xcode 'outputs' to avoid re-running this script phase.\necho \"SUCCESS\" > \"${SCRIPT_OUTPUT_FILE_0}\"\n";
			showEnvVarsInLog = 0;
		};
		2BC77AD58DDFBFD7D1A0C393 /* [CP] Check Pods Manifest.lock */ = {
			isa = PBXShellScriptBuildPhase;
			buildActionMask = 2147483647;
			files = (
			);
			inputFileListPaths = (
			);
			inputPaths = (
				"${PODS_PODFILE_DIR_PATH}/Podfile.lock",
				"${PODS_ROOT}/Manifest.lock",
			);
			name = "[CP] Check Pods Manifest.lock";
			outputFileListPaths = (
			);
			outputPaths = (
				"$(DERIVED_FILE_DIR)/Pods-WuyineiOSDemoTests-checkManifestLockResult.txt",
			);
			runOnlyForDeploymentPostprocessing = 0;
			shellPath = /bin/sh;
			shellScript = "diff \"${PODS_PODFILE_DIR_PATH}/Podfile.lock\" \"${PODS_ROOT}/Manifest.lock\" > /dev/null\nif [ $? != 0 ] ; then\n    # print error to STDERR\n    echo \"error: The sandbox is not in sync with the Podfile.lock. Run 'pod install' or update your CocoaPods installation.\" >&2\n    exit 1\nfi\n# This output is used by Xcode 'outputs' to avoid re-running this script phase.\necho \"SUCCESS\" > \"${SCRIPT_OUTPUT_FILE_0}\"\n";
			showEnvVarsInLog = 0;
		};
		D6CDA096B9F314D9618493B8 /* [CP] Check Pods Manifest.lock */ = {
			isa = PBXShellScriptBuildPhase;
			buildActionMask = 2147483647;
			files = (
			);
			inputFileListPaths = (
			);
			inputPaths = (
				"${PODS_PODFILE_DIR_PATH}/Podfile.lock",
				"${PODS_ROOT}/Manifest.lock",
			);
			name = "[CP] Check Pods Manifest.lock";
			outputFileListPaths = (
			);
			outputPaths = (
				"$(DERIVED_FILE_DIR)/Pods-WuyineiOSDemoUITests-checkManifestLockResult.txt",
			);
			runOnlyForDeploymentPostprocessing = 0;
			shellPath = /bin/sh;
			shellScript = "diff \"${PODS_PODFILE_DIR_PATH}/Podfile.lock\" \"${PODS_ROOT}/Manifest.lock\" > /dev/null\nif [ $? != 0 ] ; then\n    # print error to STDERR\n    echo \"error: The sandbox is not in sync with the Podfile.lock. Run 'pod install' or update your CocoaPods installation.\" >&2\n    exit 1\nfi\n# This output is used by Xcode 'outputs' to avoid re-running this script phase.\necho \"SUCCESS\" > \"${SCRIPT_OUTPUT_FILE_0}\"\n";
			showEnvVarsInLog = 0;
		};
/* End PBXShellScriptBuildPhase section */

/* Begin PBXSourcesBuildPhase section */
		284D9CC422754DE3005152C1 /* Sources */ = {
			isa = PBXSourcesBuildPhase;
			buildActionMask = 2147483647;
			files = (
				289474F122855E760020A16A /* Teacher.m in Sources */,
				289474E2228525F30020A16A /* RuntimeDemoViewController.m in Sources */,
				284D9CD022754DE3005152C1 /* ViewController.m in Sources */,
				289474E52285264F0020A16A /* Person.m in Sources */,
				287C96A922896AD900F2F1E1 /* YQMultiThreadObject.m in Sources */,
				289C46492283BB5A004F5C1F /* RootViewController.m in Sources */,
				289C46552283C75D004F5C1F /* Target_MultiTableView.m in Sources */,
				28D4D0A622769C5300F7A25D /* WYEBaseViewController.m in Sources */,
				287C96A22289581200F2F1E1 /* WYETools.m in Sources */,
				289474F722856CD10020A16A /* Person+Name.m in Sources */,
				284D9CDB22754DE5005152C1 /* main.m in Sources */,
				284D9D00227553D3005152C1 /* WYEMediator.m in Sources */,
				284D9D0E2275A81D005152C1 /* MutiThreadViewController.m in Sources */,
				28BB7E4E2282CDEF00FD26E3 /* DrawerViewController.m in Sources */,
				284D9CCD22754DE3005152C1 /* AppDelegate.m in Sources */,
				287C96A822896AD900F2F1E1 /* YQMutableArray.m in Sources */,
				289474EE22855A980020A16A /* WYEMediator+RuntimeDemo.m in Sources */,
				28B2559C2276EEDA001932FA /* WYEMediator+LogRedirect.m in Sources */,
				287C969C228953C500F2F1E1 /* NSObject+WYEModel.m in Sources */,
				280FA8CA2282D6050081CDC9 /* WYEMediator+DrawerDemo.m in Sources */,
				284D9D0B2275A5E8005152C1 /* Target_MutiThread.m in Sources */,
				28B255922276E90D001932FA /* Target_Log.m in Sources */,
				28B255952276E956001932FA /* LogRedirectVC.m in Sources */,
				289C46582283C7E1004F5C1F /* WYEMediator+MultiTableView.m in Sources */,
				289C466622841A71004F5C1F /* UIButton+Logger.m in Sources */,
				289474EB228559CB0020A16A /* Target_RuntimeDemo.m in Sources */,
				289C46632283D623004F5C1F /* UIViewController+Logger.m in Sources */,
				289C464F2283BBA9004F5C1F /* RightViewController.m in Sources */,
				284D9D0722759C21005152C1 /* WYEMediator+MutiThreadModuleActions.m in Sources */,
				28BB7E482282CDB500FD26E3 /* MenuViewController.m in Sources */,
				289C465B2283D1B3004F5C1F /* WYEHook.m in Sources */,
				28B255992276ED1E001932FA /* fishhook.c in Sources */,
				28B2558D2276D99C001932FA /* WYEOperation.m in Sources */,
				289474F4228561A80020A16A /* RunTimePraticalViewController.m in Sources */,
				289474E8228527390020A16A /* Student.m in Sources */,
				289C46522283BBC2004F5C1F /* LeftViewController.m in Sources */,
				28BB7E4B2282CDD300FD26E3 /* CenterViewController.m in Sources */,
				280FA8C72282D43A0081CDC9 /* Target_Drawer.m in Sources */,
			);
			runOnlyForDeploymentPostprocessing = 0;
		};
		284D9CDC22754DE5005152C1 /* Sources */ = {
			isa = PBXSourcesBuildPhase;
			buildActionMask = 2147483647;
			files = (
				284D9CE522754DE5005152C1 /* WuyineiOSDemoTests.m in Sources */,
			);
			runOnlyForDeploymentPostprocessing = 0;
		};
		284D9CE722754DE5005152C1 /* Sources */ = {
			isa = PBXSourcesBuildPhase;
			buildActionMask = 2147483647;
			files = (
				284D9CF022754DE5005152C1 /* WuyineiOSDemoUITests.m in Sources */,
			);
			runOnlyForDeploymentPostprocessing = 0;
		};
/* End PBXSourcesBuildPhase section */

/* Begin PBXTargetDependency section */
		284D9CE222754DE5005152C1 /* PBXTargetDependency */ = {
			isa = PBXTargetDependency;
			target = 284D9CC722754DE3005152C1 /* WuyineiOSDemo */;
			targetProxy = 284D9CE122754DE5005152C1 /* PBXContainerItemProxy */;
		};
		284D9CED22754DE5005152C1 /* PBXTargetDependency */ = {
			isa = PBXTargetDependency;
			target = 284D9CC722754DE3005152C1 /* WuyineiOSDemo */;
			targetProxy = 284D9CEC22754DE5005152C1 /* PBXContainerItemProxy */;
		};
/* End PBXTargetDependency section */

/* Begin PBXVariantGroup section */
		284D9CD122754DE3005152C1 /* Main.storyboard */ = {
			isa = PBXVariantGroup;
			children = (
				284D9CD222754DE3005152C1 /* Base */,
			);
			name = Main.storyboard;
			sourceTree = "<group>";
		};
		284D9CD622754DE5005152C1 /* LaunchScreen.storyboard */ = {
			isa = PBXVariantGroup;
			children = (
				284D9CD722754DE5005152C1 /* Base */,
			);
			name = LaunchScreen.storyboard;
			sourceTree = "<group>";
		};
/* End PBXVariantGroup section */

/* Begin XCBuildConfiguration section */
		284D9CF222754DE5005152C1 /* Debug */ = {
			isa = XCBuildConfiguration;
			buildSettings = {
				ALWAYS_SEARCH_USER_PATHS = NO;
				CLANG_ANALYZER_NONNULL = YES;
				CLANG_ANALYZER_NUMBER_OBJECT_CONVERSION = YES_AGGRESSIVE;
				CLANG_CXX_LANGUAGE_STANDARD = "gnu++14";
				CLANG_CXX_LIBRARY = "libc++";
				CLANG_ENABLE_MODULES = YES;
				CLANG_ENABLE_OBJC_ARC = YES;
				CLANG_ENABLE_OBJC_WEAK = YES;
				CLANG_WARN_BLOCK_CAPTURE_AUTORELEASING = YES;
				CLANG_WARN_BOOL_CONVERSION = YES;
				CLANG_WARN_COMMA = YES;
				CLANG_WARN_CONSTANT_CONVERSION = YES;
				CLANG_WARN_DEPRECATED_OBJC_IMPLEMENTATIONS = YES;
				CLANG_WARN_DIRECT_OBJC_ISA_USAGE = YES_ERROR;
				CLANG_WARN_DOCUMENTATION_COMMENTS = YES;
				CLANG_WARN_EMPTY_BODY = YES;
				CLANG_WARN_ENUM_CONVERSION = YES;
				CLANG_WARN_INFINITE_RECURSION = YES;
				CLANG_WARN_INT_CONVERSION = YES;
				CLANG_WARN_NON_LITERAL_NULL_CONVERSION = YES;
				CLANG_WARN_OBJC_IMPLICIT_RETAIN_SELF = YES;
				CLANG_WARN_OBJC_LITERAL_CONVERSION = YES;
				CLANG_WARN_OBJC_ROOT_CLASS = YES_ERROR;
				CLANG_WARN_RANGE_LOOP_ANALYSIS = YES;
				CLANG_WARN_STRICT_PROTOTYPES = YES;
				CLANG_WARN_SUSPICIOUS_MOVE = YES;
				CLANG_WARN_UNGUARDED_AVAILABILITY = YES_AGGRESSIVE;
				CLANG_WARN_UNREACHABLE_CODE = YES;
				CLANG_WARN__DUPLICATE_METHOD_MATCH = YES;
				CODE_SIGN_IDENTITY = "iPhone Developer";
				COPY_PHASE_STRIP = NO;
				DEBUG_INFORMATION_FORMAT = dwarf;
				ENABLE_STRICT_OBJC_MSGSEND = YES;
				ENABLE_TESTABILITY = YES;
				GCC_C_LANGUAGE_STANDARD = gnu11;
				GCC_DYNAMIC_NO_PIC = NO;
				GCC_NO_COMMON_BLOCKS = YES;
				GCC_OPTIMIZATION_LEVEL = 0;
				GCC_PREPROCESSOR_DEFINITIONS = (
					"DEBUG=1",
					"$(inherited)",
				);
				GCC_WARN_64_TO_32_BIT_CONVERSION = YES;
				GCC_WARN_ABOUT_RETURN_TYPE = YES_ERROR;
				GCC_WARN_UNDECLARED_SELECTOR = YES;
				GCC_WARN_UNINITIALIZED_AUTOS = YES_AGGRESSIVE;
				GCC_WARN_UNUSED_FUNCTION = YES;
				GCC_WARN_UNUSED_VARIABLE = YES;
				IPHONEOS_DEPLOYMENT_TARGET = 12.1;
				MTL_ENABLE_DEBUG_INFO = INCLUDE_SOURCE;
				MTL_FAST_MATH = YES;
				ONLY_ACTIVE_ARCH = YES;
				SDKROOT = iphoneos;
			};
			name = Debug;
		};
		284D9CF322754DE5005152C1 /* Release */ = {
			isa = XCBuildConfiguration;
			buildSettings = {
				ALWAYS_SEARCH_USER_PATHS = NO;
				CLANG_ANALYZER_NONNULL = YES;
				CLANG_ANALYZER_NUMBER_OBJECT_CONVERSION = YES_AGGRESSIVE;
				CLANG_CXX_LANGUAGE_STANDARD = "gnu++14";
				CLANG_CXX_LIBRARY = "libc++";
				CLANG_ENABLE_MODULES = YES;
				CLANG_ENABLE_OBJC_ARC = YES;
				CLANG_ENABLE_OBJC_WEAK = YES;
				CLANG_WARN_BLOCK_CAPTURE_AUTORELEASING = YES;
				CLANG_WARN_BOOL_CONVERSION = YES;
				CLANG_WARN_COMMA = YES;
				CLANG_WARN_CONSTANT_CONVERSION = YES;
				CLANG_WARN_DEPRECATED_OBJC_IMPLEMENTATIONS = YES;
				CLANG_WARN_DIRECT_OBJC_ISA_USAGE = YES_ERROR;
				CLANG_WARN_DOCUMENTATION_COMMENTS = YES;
				CLANG_WARN_EMPTY_BODY = YES;
				CLANG_WARN_ENUM_CONVERSION = YES;
				CLANG_WARN_INFINITE_RECURSION = YES;
				CLANG_WARN_INT_CONVERSION = YES;
				CLANG_WARN_NON_LITERAL_NULL_CONVERSION = YES;
				CLANG_WARN_OBJC_IMPLICIT_RETAIN_SELF = YES;
				CLANG_WARN_OBJC_LITERAL_CONVERSION = YES;
				CLANG_WARN_OBJC_ROOT_CLASS = YES_ERROR;
				CLANG_WARN_RANGE_LOOP_ANALYSIS = YES;
				CLANG_WARN_STRICT_PROTOTYPES = YES;
				CLANG_WARN_SUSPICIOUS_MOVE = YES;
				CLANG_WARN_UNGUARDED_AVAILABILITY = YES_AGGRESSIVE;
				CLANG_WARN_UNREACHABLE_CODE = YES;
				CLANG_WARN__DUPLICATE_METHOD_MATCH = YES;
				CODE_SIGN_IDENTITY = "iPhone Developer";
				COPY_PHASE_STRIP = NO;
				DEBUG_INFORMATION_FORMAT = "dwarf-with-dsym";
				ENABLE_NS_ASSERTIONS = NO;
				ENABLE_STRICT_OBJC_MSGSEND = YES;
				GCC_C_LANGUAGE_STANDARD = gnu11;
				GCC_NO_COMMON_BLOCKS = YES;
				GCC_WARN_64_TO_32_BIT_CONVERSION = YES;
				GCC_WARN_ABOUT_RETURN_TYPE = YES_ERROR;
				GCC_WARN_UNDECLARED_SELECTOR = YES;
				GCC_WARN_UNINITIALIZED_AUTOS = YES_AGGRESSIVE;
				GCC_WARN_UNUSED_FUNCTION = YES;
				GCC_WARN_UNUSED_VARIABLE = YES;
				IPHONEOS_DEPLOYMENT_TARGET = 12.1;
				MTL_ENABLE_DEBUG_INFO = NO;
				MTL_FAST_MATH = YES;
				SDKROOT = iphoneos;
				VALIDATE_PRODUCT = YES;
			};
			name = Release;
		};
		284D9CF522754DE5005152C1 /* Debug */ = {
			isa = XCBuildConfiguration;
			baseConfigurationReference = 3B7052CF1D12B8A533FFA36A /* Pods-WuyineiOSDemo.debug.xcconfig */;
			buildSettings = {
				ASSETCATALOG_COMPILER_APPICON_NAME = AppIcon;
				CODE_SIGN_STYLE = Automatic;
				DEVELOPMENT_TEAM = MEX93CHJ2V;
				GCC_PRECOMPILE_PREFIX_HEADER = YES;
				GCC_PREFIX_HEADER = WuyineiOSDemo/PrefixHeader.pch;
				INFOPLIST_FILE = WuyineiOSDemo/Info.plist;
				LD_RUNPATH_SEARCH_PATHS = (
					"$(inherited)",
					"@executable_path/Frameworks",
				);
				LIBRARY_SEARCH_PATHS = "$(inherited)";
				OTHER_LDFLAGS = (
					"$(inherited)",
					"-ObjC",
					"-l\"Masonry\"",
				);
				OTHER_LIBTOOLFLAGS = "";
				PRODUCT_BUNDLE_IDENTIFIER = com.fiberhome.test.WuyineiOSDemo;
				PRODUCT_NAME = "$(TARGET_NAME)";
				TARGETED_DEVICE_FAMILY = "1,2";
			};
			name = Debug;
		};
		284D9CF622754DE5005152C1 /* Release */ = {
			isa = XCBuildConfiguration;
			baseConfigurationReference = F07FC59ED10A5AE50766D960 /* Pods-WuyineiOSDemo.release.xcconfig */;
			buildSettings = {
				ASSETCATALOG_COMPILER_APPICON_NAME = AppIcon;
				CODE_SIGN_STYLE = Automatic;
				DEVELOPMENT_TEAM = MEX93CHJ2V;
				GCC_PRECOMPILE_PREFIX_HEADER = YES;
				GCC_PREFIX_HEADER = WuyineiOSDemo/PrefixHeader.pch;
				INFOPLIST_FILE = WuyineiOSDemo/Info.plist;
				LD_RUNPATH_SEARCH_PATHS = (
					"$(inherited)",
					"@executable_path/Frameworks",
				);
				LIBRARY_SEARCH_PATHS = "$(inherited)";
				OTHER_LDFLAGS = (
					"$(inherited)",
					"-ObjC",
					"-l\"Masonry\"",
				);
				OTHER_LIBTOOLFLAGS = "";
				PRODUCT_BUNDLE_IDENTIFIER = com.fiberhome.test.WuyineiOSDemo;
				PRODUCT_NAME = "$(TARGET_NAME)";
				TARGETED_DEVICE_FAMILY = "1,2";
			};
			name = Release;
		};
		284D9CF822754DE5005152C1 /* Debug */ = {
			isa = XCBuildConfiguration;
			baseConfigurationReference = 1C03E786673B14A943DF06EC /* Pods-WuyineiOSDemoTests.debug.xcconfig */;
			buildSettings = {
				BUNDLE_LOADER = "$(TEST_HOST)";
				CODE_SIGN_STYLE = Automatic;
				DEVELOPMENT_TEAM = MEX93CHJ2V;
				INFOPLIST_FILE = WuyineiOSDemoTests/Info.plist;
				LD_RUNPATH_SEARCH_PATHS = (
					"$(inherited)",
					"@executable_path/Frameworks",
					"@loader_path/Frameworks",
				);
				PRODUCT_BUNDLE_IDENTIFIER = com.fiberhome.test.WuyineiOSDemoTests;
				PRODUCT_NAME = "$(TARGET_NAME)";
				TARGETED_DEVICE_FAMILY = "1,2";
				TEST_HOST = "$(BUILT_PRODUCTS_DIR)/WuyineiOSDemo.app/WuyineiOSDemo";
			};
			name = Debug;
		};
		284D9CF922754DE5005152C1 /* Release */ = {
			isa = XCBuildConfiguration;
			baseConfigurationReference = 6A648CBEBC5D51C0F3D8893A /* Pods-WuyineiOSDemoTests.release.xcconfig */;
			buildSettings = {
				BUNDLE_LOADER = "$(TEST_HOST)";
				CODE_SIGN_STYLE = Automatic;
				DEVELOPMENT_TEAM = MEX93CHJ2V;
				INFOPLIST_FILE = WuyineiOSDemoTests/Info.plist;
				LD_RUNPATH_SEARCH_PATHS = (
					"$(inherited)",
					"@executable_path/Frameworks",
					"@loader_path/Frameworks",
				);
				PRODUCT_BUNDLE_IDENTIFIER = com.fiberhome.test.WuyineiOSDemoTests;
				PRODUCT_NAME = "$(TARGET_NAME)";
				TARGETED_DEVICE_FAMILY = "1,2";
				TEST_HOST = "$(BUILT_PRODUCTS_DIR)/WuyineiOSDemo.app/WuyineiOSDemo";
			};
			name = Release;
		};
		284D9CFB22754DE5005152C1 /* Debug */ = {
			isa = XCBuildConfiguration;
			baseConfigurationReference = 5BF3AF7B4CD31118CAE82942 /* Pods-WuyineiOSDemoUITests.debug.xcconfig */;
			buildSettings = {
				CODE_SIGN_STYLE = Automatic;
				DEVELOPMENT_TEAM = MEX93CHJ2V;
				INFOPLIST_FILE = WuyineiOSDemoUITests/Info.plist;
				LD_RUNPATH_SEARCH_PATHS = (
					"$(inherited)",
					"@executable_path/Frameworks",
					"@loader_path/Frameworks",
				);
				PRODUCT_BUNDLE_IDENTIFIER = com.fiberhome.test.WuyineiOSDemoUITests;
				PRODUCT_NAME = "$(TARGET_NAME)";
				TARGETED_DEVICE_FAMILY = "1,2";
				TEST_TARGET_NAME = WuyineiOSDemo;
			};
			name = Debug;
		};
		284D9CFC22754DE5005152C1 /* Release */ = {
			isa = XCBuildConfiguration;
			baseConfigurationReference = 10F77173E4059B556BEA8DF2 /* Pods-WuyineiOSDemoUITests.release.xcconfig */;
			buildSettings = {
				CODE_SIGN_STYLE = Automatic;
				DEVELOPMENT_TEAM = MEX93CHJ2V;
				INFOPLIST_FILE = WuyineiOSDemoUITests/Info.plist;
				LD_RUNPATH_SEARCH_PATHS = (
					"$(inherited)",
					"@executable_path/Frameworks",
					"@loader_path/Frameworks",
				);
				PRODUCT_BUNDLE_IDENTIFIER = com.fiberhome.test.WuyineiOSDemoUITests;
				PRODUCT_NAME = "$(TARGET_NAME)";
				TARGETED_DEVICE_FAMILY = "1,2";
				TEST_TARGET_NAME = WuyineiOSDemo;
			};
			name = Release;
		};
/* End XCBuildConfiguration section */

/* Begin XCConfigurationList section */
		284D9CC322754DE3005152C1 /* Build configuration list for PBXProject "WuyineiOSDemo" */ = {
			isa = XCConfigurationList;
			buildConfigurations = (
				284D9CF222754DE5005152C1 /* Debug */,
				284D9CF322754DE5005152C1 /* Release */,
			);
			defaultConfigurationIsVisible = 0;
			defaultConfigurationName = Release;
		};
		284D9CF422754DE5005152C1 /* Build configuration list for PBXNativeTarget "WuyineiOSDemo" */ = {
			isa = XCConfigurationList;
			buildConfigurations = (
				284D9CF522754DE5005152C1 /* Debug */,
				284D9CF622754DE5005152C1 /* Release */,
			);
			defaultConfigurationIsVisible = 0;
			defaultConfigurationName = Release;
		};
		284D9CF722754DE5005152C1 /* Build configuration list for PBXNativeTarget "WuyineiOSDemoTests" */ = {
			isa = XCConfigurationList;
			buildConfigurations = (
				284D9CF822754DE5005152C1 /* Debug */,
				284D9CF922754DE5005152C1 /* Release */,
			);
			defaultConfigurationIsVisible = 0;
			defaultConfigurationName = Release;
		};
		284D9CFA22754DE5005152C1 /* Build configuration list for PBXNativeTarget "WuyineiOSDemoUITests" */ = {
			isa = XCConfigurationList;
			buildConfigurations = (
				284D9CFB22754DE5005152C1 /* Debug */,
				284D9CFC22754DE5005152C1 /* Release */,
			);
			defaultConfigurationIsVisible = 0;
			defaultConfigurationName = Release;
		};
/* End XCConfigurationList section */
	};
	rootObject = 284D9CC022754DE3005152C1 /* Project object */;
}
